
Microsoft Visual Studio Solution File, Format Version 12.00
# Visual Studio Version 16
VisualStudioVersion = 16.0.29215.179
MinimumVisualStudioVersion = 10.0.40219.1
Project("{FAE04EC0-301F-11D3-BF4B-00C04F79EFBC}") = "RailwayService", "RailwayService\RailwayService.csproj", "{7A63B279-4AA7-4DC5-B00D-EC3E7A4878D4}"
EndProject
Project("{FAE04EC0-301F-11D3-BF4B-00C04F79EFBC}") = "RailwayService.Tests", "RailwayService.Tests\RailwayService.Tests.csproj", "{E8ED071E-80A9-4307-B6F5-50EE21D475F9}"
EndProject
Project("{FAE04EC0-301F-11D3-BF4B-00C04F79EFBC}") = "RailwayService.DTO", "RailwayService.DTO\RailwayService.DTO.csproj", "{62945BF1-87A5-4CD7-9DB4-B747B6D16283}"
EndProject
Project("{FAE04EC0-301F-11D3-BF4B-00C04F79EFBC}") = "RailwayService.Domain", "RailwayService.Service\RailwayService.Domain.csproj", "{FCC8FDDA-3EB3-4169-B10B-E265715B6601}"
EndProject
Global
	GlobalSection(SolutionConfigurationPlatforms) = preSolution
		Debug|Any CPU = Debug|Any CPU
		Release|Any CPU = Release|Any CPU
	EndGlobalSection
	GlobalSection(ProjectConfigurationPlatforms) = postSolution
		{7A63B279-4AA7-4DC5-B00D-EC3E7A4878D4}.Debug|Any CPU.ActiveCfg = Debug|Any CPU
		{7A63B279-4AA7-4DC5-B00D-EC3E7A4878D4}.Debug|Any CPU.Build.0 = Debug|Any CPU
		{7A63B279-4AA7-4DC5-B00D-EC3E7A4878D4}.Release|Any CPU.ActiveCfg = Release|Any CPU
		{7A63B279-4AA7-4DC5-B00D-EC3E7A4878D4}.Release|Any CPU.Build.0 = Release|Any CPU
		{E8ED071E-80A9-4307-B6F5-50EE21D475F9}.Debug|Any CPU.ActiveCfg = Debug|Any CPU
		{E8ED071E-80A9-4307-B6F5-50EE21D475F9}.Debug|Any CPU.Build.0 = Debug|Any CPU
		{E8ED071E-80A9-4307-B6F5-50EE21D475F9}.Release|Any CPU.ActiveCfg = Release|Any CPU
		{E8ED071E-80A9-4307-B6F5-50EE21D475F9}.Release|Any CPU.Build.0 = Release|Any CPU
		{62945BF1-87A5-4CD7-9DB4-B747B6D16283}.Debug|Any CPU.ActiveCfg = Debug|Any CPU
		{62945BF1-87A5-4CD7-9DB4-B747B6D16283}.Debug|Any CPU.Build.0 = Debug|Any CPU
		{62945BF1-87A5-4CD7-9DB4-B747B6D16283}.Release|Any CPU.ActiveCfg = Release|Any CPU
		{62945BF1-87A5-4CD7-9DB4-B747B6D16283}.Release|Any CPU.Build.0 = Release|Any CPU
		{FCC8FDDA-3EB3-4169-B10B-E265715B6601}.Debug|Any CPU.ActiveCfg = Debug|Any CPU
		{FCC8FDDA-3EB3-4169-B10B-E265715B6601}.Debug|Any CPU.Build.0 = Debug|Any CPU
		{FCC8FDDA-3EB3-4169-B10B-E265715B6601}.Release|Any CPU.ActiveCfg = Release|Any CPU
		{FCC8FDDA-3EB3-4169-B10B-E265715B6601}.Release|Any CPU.Build.0 = Release|Any CPU
	EndGlobalSection
	GlobalSection(SolutionProperties) = preSolution
		HideSolutionNode = FALSE
	EndGlobalSection
	GlobalSection(ExtensibilityGlobals) = postSolution
		SolutionGuid = {F34FEE64-389A-466B-A351-659272023B48}
	EndGlobalSection
EndGlobal
